# Sega System 24 for MiSTer. Add HDL to files.qip, not through the GUI.
set_global_assignment -name TOP_LEVEL_ENTITY sys_top
set_global_assignment -name PARTITION_NETLIST_TYPE SOURCE -section_id Top
set_global_assignment -name PARTITION_FITTER_PRESERVATION_LEVEL PLACEMENT_AND_ROUTING -section_id Top
set_global_assignment -name PARTITION_COLOR 16764057 -section_id Top
set_global_assignment -name LAST_QUARTUS_VERSION "17.0.2 Lite Edition"
set_global_assignment -name GENERATE_RBF_FILE ON
set_global_assignment -name PROJECT_OUTPUT_DIRECTORY output_files
set_global_assignment -name SEED 4

# Machine-wide safe Quartus policy. Do not override these in build scripts.
set_global_assignment -name NUM_PARALLEL_PROCESSORS 8
set_global_assignment -name FITTER_EFFORT "FAST FIT"
set_global_assignment -name ROUTER_TIMING_OPTIMIZATION_LEVEL NORMAL
set_global_assignment -name PHYSICAL_SYNTHESIS_COMBO_LOGIC OFF
set_global_assignment -name PHYSICAL_SYNTHESIS_REGISTER_DUPLICATION OFF
set_global_assignment -name SMART_RECOMPILE ON
set_global_assignment -name SAVE_DISK_SPACE OFF
set_global_assignment -name COMPRESSION_MODE OFF

set_global_assignment -name MIN_CORE_JUNCTION_TEMP "-40"
set_global_assignment -name MAX_CORE_JUNCTION_TEMP 100
set_global_assignment -name POWER_PRESET_COOLING_SOLUTION "23 MM HEAT SINK WITH 200 LFPM AIRFLOW"
set_global_assignment -name POWER_BOARD_THERMAL_MODEL "NONE (CONSERVATIVE)"
set_global_assignment -name OPTIMIZE_POWER_DURING_FITTING OFF
set_global_assignment -name ALLOW_POWER_UP_DONT_CARE OFF
set_global_assignment -name VERILOG_MACRO "MISTER_DOWNSCALE_NN=1"
set_global_assignment -name VERILOG_MACRO "MISTER_FB=1"
set_global_assignment -name VERILOG_MACRO "MISTER_DISABLE_YC=1"
set_global_assignment -name VERILOG_MACRO "MISTER_DISABLE_ALSA=1"

source sys/sys.tcl
source sys/sys_analog.tcl
source files.qip
set_instance_assignment -name PARTITION_HIERARCHY root_partition -to | -section_id Top
